
Microsoft Visual Studio Solution File, Format Version 11.00
# Visual C# Express 2010
Project("{FAE04EC0-301F-11D3-BF4B-00C04F79EFBC}") = "Geb.Image", "src\Geb.Image\Geb.Image.csproj", "{F86CF18F-70F4-4491-9C1C-9F390A09E978}"
EndProject
Project("{FAE04EC0-301F-11D3-BF4B-00C04F79EFBC}") = "00_Introduce", "src\00_Introduce\00_Introduce.csproj", "{F72A40A6-8398-482A-AAB1-655C2884CFD1}"
EndProject
Global
	GlobalSection(SolutionConfigurationPlatforms) = preSolution
		Debug|Any CPU = Debug|Any CPU
		Debug|Mixed Platforms = Debug|Mixed Platforms
		Debug|x86 = Debug|x86
		Demo|Any CPU = Demo|Any CPU
		Demo|Mixed Platforms = Demo|Mixed Platforms
		Demo|x86 = Demo|x86
		Release|Any CPU = Release|Any CPU
		Release|Mixed Platforms = Release|Mixed Platforms
		Release|x86 = Release|x86
	EndGlobalSection
	GlobalSection(ProjectConfigurationPlatforms) = postSolution
		{F86CF18F-70F4-4491-9C1C-9F390A09E978}.Debug|Any CPU.ActiveCfg = Debug|Any CPU
		{F86CF18F-70F4-4491-9C1C-9F390A09E978}.Debug|Any CPU.Build.0 = Debug|Any CPU
		{F86CF18F-70F4-4491-9C1C-9F390A09E978}.Debug|Mixed Platforms.ActiveCfg = Debug|Any CPU
		{F86CF18F-70F4-4491-9C1C-9F390A09E978}.Debug|Mixed Platforms.Build.0 = Debug|Any CPU
		{F86CF18F-70F4-4491-9C1C-9F390A09E978}.Debug|x86.ActiveCfg = Debug|Any CPU
		{F86CF18F-70F4-4491-9C1C-9F390A09E978}.Demo|Any CPU.ActiveCfg = Demo|Any CPU
		{F86CF18F-70F4-4491-9C1C-9F390A09E978}.Demo|Any CPU.Build.0 = Demo|Any CPU
		{F86CF18F-70F4-4491-9C1C-9F390A09E978}.Demo|Mixed Platforms.ActiveCfg = Demo|Any CPU
		{F86CF18F-70F4-4491-9C1C-9F390A09E978}.Demo|Mixed Platforms.Build.0 = Demo|Any CPU
		{F86CF18F-70F4-4491-9C1C-9F390A09E978}.Demo|x86.ActiveCfg = Demo|Any CPU
		{F86CF18F-70F4-4491-9C1C-9F390A09E978}.Release|Any CPU.ActiveCfg = Release|Any CPU
		{F86CF18F-70F4-4491-9C1C-9F390A09E978}.Release|Any CPU.Build.0 = Release|Any CPU
		{F86CF18F-70F4-4491-9C1C-9F390A09E978}.Release|Mixed Platforms.ActiveCfg = Release|Any CPU
		{F86CF18F-70F4-4491-9C1C-9F390A09E978}.Release|Mixed Platforms.Build.0 = Release|Any CPU
		{F86CF18F-70F4-4491-9C1C-9F390A09E978}.Release|x86.ActiveCfg = Release|Any CPU
		{F72A40A6-8398-482A-AAB1-655C2884CFD1}.Debug|Any CPU.ActiveCfg = Debug|x86
		{F72A40A6-8398-482A-AAB1-655C2884CFD1}.Debug|Mixed Platforms.ActiveCfg = Debug|x86
		{F72A40A6-8398-482A-AAB1-655C2884CFD1}.Debug|Mixed Platforms.Build.0 = Debug|x86
		{F72A40A6-8398-482A-AAB1-655C2884CFD1}.Debug|x86.ActiveCfg = Debug|x86
		{F72A40A6-8398-482A-AAB1-655C2884CFD1}.Debug|x86.Build.0 = Debug|x86
		{F72A40A6-8398-482A-AAB1-655C2884CFD1}.Demo|Any CPU.ActiveCfg = Debug|x86
		{F72A40A6-8398-482A-AAB1-655C2884CFD1}.Demo|Mixed Platforms.ActiveCfg = Debug|x86
		{F72A40A6-8398-482A-AAB1-655C2884CFD1}.Demo|Mixed Platforms.Build.0 = Debug|x86
		{F72A40A6-8398-482A-AAB1-655C2884CFD1}.Demo|x86.ActiveCfg = Debug|x86
		{F72A40A6-8398-482A-AAB1-655C2884CFD1}.Demo|x86.Build.0 = Debug|x86
		{F72A40A6-8398-482A-AAB1-655C2884CFD1}.Release|Any CPU.ActiveCfg = Release|x86
		{F72A40A6-8398-482A-AAB1-655C2884CFD1}.Release|Mixed Platforms.ActiveCfg = Release|x86
		{F72A40A6-8398-482A-AAB1-655C2884CFD1}.Release|Mixed Platforms.Build.0 = Release|x86
		{F72A40A6-8398-482A-AAB1-655C2884CFD1}.Release|x86.ActiveCfg = Release|x86
		{F72A40A6-8398-482A-AAB1-655C2884CFD1}.Release|x86.Build.0 = Release|x86
	EndGlobalSection
	GlobalSection(SolutionProperties) = preSolution
		HideSolutionNode = FALSE
	EndGlobalSection
	GlobalSection(NestedProjects) = preSolution
		{F72A40A6-8398-482A-AAB1-655C2884CFD1} = {3CB4F8D5-CCA4-4E48-B5EE-29C3585A6AF5}
		{F86CF18F-70F4-4491-9C1C-9F390A09E978} = {E6346B39-B56D-4D1E-8608-69D65D28A477}
	EndGlobalSection
EndGlobal
